// !$*UTF8*$!
{
	archiveVersion = 1;
	classes = {
	};
	objectVersion = 50;
	objects = {

/* Begin PBXBuildFile section */
		90F9AD14253F7CA500B2A4BF /* stateToFilterApp.swift in Sources */ = {isa = PBXBuildFile; fileRef = 90F9AD13253F7CA500B2A4BF /* stateToFilterApp.swift */; };
		90F9AD16253F7CA500B2A4BF /* ContentView.swift in Sources */ = {isa = PBXBuildFile; fileRef = 90F9AD15253F7CA500B2A4BF /* ContentView.swift */; };
		90F9AD18253F7CA700B2A4BF /* Assets.xcassets in Resources */ = {isa = PBXBuildFile; fileRef = 90F9AD17253F7CA700B2A4BF /* Assets.xcassets */; };
		90F9AD1B253F7CA700B2A4BF /* Preview Assets.xcassets in Resources */ = {isa = PBXBuildFile; fileRef = 90F9AD1A253F7CA700B2A4BF /* Preview Assets.xcassets */; };
		90F9AD26253F7CA800B2A4BF /* stateToFilterTests.swift in Sources */ = {isa = PBXBuildFile; fileRef = 90F9AD25253F7CA800B2A4BF /* stateToFilterTests.swift */; };
		90F9AD31253F7CA800B2A4BF /* stateToFilterUITests.swift in Sources */ = {isa = PBXBuildFile; fileRef = 90F9AD30253F7CA800B2A4BF /* stateToFilterUITests.swift */; };
		90F9AD43253F7CEB00B2A4BF /* Dish.swift in Sources */ = {isa = PBXBuildFile; fileRef = 90F9AD42253F7CEB00B2A4BF /* Dish.swift */; };
/* End PBXBuildFile section */

/* Begin PBXContainerItemProxy section */
		90F9AD22253F7CA800B2A4BF /* PBXContainerItemProxy */ = {
			isa = PBXContainerItemProxy;
			containerPortal = 90F9AD08253F7CA500B2A4BF /* Project object */;
			proxyType = 1;
			remoteGlobalIDString = 90F9AD0F253F7CA500B2A4BF;
			remoteInfo = stateToFilter;
		};
		90F9AD2D253F7CA800B2A4BF /* PBXContainerItemProxy */ = {
			isa = PBXContainerItemProxy;
			containerPortal = 90F9AD08253F7CA500B2A4BF /* Project object */;
			proxyType = 1;
			remoteGlobalIDString = 90F9AD0F253F7CA500B2A4BF;
			remoteInfo = stateToFilter;
		};
/* End PBXContainerItemProxy section */

/* Begin PBXFileReference section */
		90F9AD10253F7CA500B2A4BF /* stateToFilter.app */ = {isa = PBXFileReference; explicitFileType = wrapper.application; includeInIndex = 0; path = stateToFilter.app; sourceTree = BUILT_PRODUCTS_DIR; };
		90F9AD13253F7CA500B2A4BF /* stateToFilterApp.swift */ = {isa = PBXFileReference; lastKnownFileType = sourcecode.swift; path = stateToFilterApp.swift; sourceTree = "<group>"; };
		90F9AD15253F7CA500B2A4BF /* ContentView.swift */ = {isa = PBXFileReference; lastKnownFileType = sourcecode.swift; path = ContentView.swift; sourceTree = "<group>"; };
		90F9AD17253F7CA700B2A4BF /* Assets.xcassets */ = {isa = PBXFileReference; lastKnownFileType = folder.assetcatalog; path = Assets.xcassets; sourceTree = "<group>"; };
		90F9AD1A253F7CA700B2A4BF /* Preview Assets.xcassets */ = {isa = PBXFileReference; lastKnownFileType = folder.assetcatalog; path = "Preview Assets.xcassets"; sourceTree = "<group>"; };
		90F9AD1C253F7CA700B2A4BF /* Info.plist */ = {isa = PBXFileReference; lastKnownFileType = text.plist.xml; path = Info.plist; sourceTree = "<group>"; };
		90F9AD21253F7CA800B2A4BF /* stateToFilterTests.xctest */ = {isa = PBXFileReference; explicitFileType = wrapper.cfbundle; includeInIndex = 0; path = stateToFilterTests.xctest; sourceTree = BUILT_PRODUCTS_DIR; };
		90F9AD25253F7CA800B2A4BF /* stateToFilterTests.swift */ = {isa = PBXFileReference; lastKnownFileType = sourcecode.swift; path = stateToFilterTests.swift; sourceTree = "<group>"; };
		90F9AD27253F7CA800B2A4BF /* Info.plist */ = {isa = PBXFileReference; lastKnownFileType = text.plist.xml; path = Info.plist; sourceTree = "<group>"; };
		90F9AD2C253F7CA800B2A4BF /* stateToFilterUITests.xctest */ = {isa = PBXFileReference; explicitFileType = wrapper.cfbundle; includeInIndex = 0; path = stateToFilterUITests.xctest; sourceTree = BUILT_PRODUCTS_DIR; };
		90F9AD30253F7CA800B2A4BF /* stateToFilterUITests.swift */ = {isa = PBXFileReference; lastKnownFileType = sourcecode.swift; path = stateToFilterUITests.swift; sourceTree = "<group>"; };
		90F9AD32253F7CA800B2A4BF /* Info.plist */ = {isa = PBXFileReference; lastKnownFileType = text.plist.xml; path = Info.plist; sourceTree = "<group>"; };
		90F9AD42253F7CEB00B2A4BF /* Dish.swift */ = {isa = PBXFileReference; lastKnownFileType = sourcecode.swift; path = Dish.swift; sourceTree = "<group>"; };
/* End PBXFileReference section */

/* Begin PBXFrameworksBuildPhase section */
		90F9AD0D253F7CA500B2A4BF /* Frameworks */ = {
			isa = PBXFrameworksBuildPhase;
			buildActionMask = 2147483647;
			files = (
			);
			runOnlyForDeploymentPostprocessing = 0;
		};
		90F9AD1E253F7CA800B2A4BF /* Frameworks */ = {
			isa = PBXFrameworksBuildPhase;
			buildActionMask = 2147483647;
			files = (
			);
			runOnlyForDeploymentPostprocessing = 0;
		};
		90F9AD29253F7CA800B2A4BF /* Frameworks */ = {
			isa = PBXFrameworksBuildPhase;
			buildActionMask = 2147483647;
			files = (
			);
			runOnlyForDeploymentPostprocessing = 0;
		};
/* End PBXFrameworksBuildPhase section */

/* Begin PBXGroup section */
		90F9AD07253F7CA500B2A4BF = {
			isa = PBXGroup;
			children = (
				90F9AD12253F7CA500B2A4BF /* stateToFilter */,
				90F9AD24253F7CA800B2A4BF /* stateToFilterTests */,
				90F9AD2F253F7CA800B2A4BF /* stateToFilterUITests */,
				90F9AD11253F7CA500B2A4BF /* Products */,
			);
			sourceTree = "<group>";
		};
		90F9AD11253F7CA500B2A4BF /* Products */ = {
			isa = PBXGroup;
			children = (
				90F9AD10253F7CA500B2A4BF /* stateToFilter.app */,
				90F9AD21253F7CA800B2A4BF /* stateToFilterTests.xctest */,
				90F9AD2C253F7CA800B2A4BF /* stateToFilterUITests.xctest */,
			);
			name = Products;
			sourceTree = "<group>";
		};
		90F9AD12253F7CA500B2A4BF /* stateToFilter */ = {
			isa = PBXGroup;
			children = (
				90F9AD41253F7CDE00B2A4BF /* Models */,
				90F9AD13253F7CA500B2A4BF /* stateToFilterApp.swift */,
				90F9AD15253F7CA500B2A4BF /* ContentView.swift */,
				90F9AD17253F7CA700B2A4BF /* Assets.xcassets */,
				90F9AD1C253F7CA700B2A4BF /* Info.plist */,
				90F9AD19253F7CA700B2A4BF /* Preview Content */,
			);
			path = stateToFilter;
			sourceTree = "<group>";
		};
		90F9AD19253F7CA700B2A4BF /* Preview Content */ = {
			isa = PBXGroup;
			children = (
				90F9AD1A253F7CA700B2A4BF /* Preview Assets.xcassets */,
			);
			path = "Preview Content";
			sourceTree = "<group>";
		};
		90F9AD24253F7CA800B2A4BF /* stateToFilterTests */ = {
			isa = PBXGroup;
			children = (
				90F9AD25253F7CA800B2A4BF /* stateToFilterTests.swift */,
				90F9AD27253F7CA800B2A4BF /* Info.plist */,
			);
			path = stateToFilterTests;
			sourceTree = "<group>";
		};
		90F9AD2F253F7CA800B2A4BF /* stateToFilterUITests */ = {
			isa = PBXGroup;
			children = (
				90F9AD30253F7CA800B2A4BF /* stateToFilterUITests.swift */,
				90F9AD32253F7CA800B2A4BF /* Info.plist */,
			);
			path = stateToFilterUITests;
			sourceTree = "<group>";
		};
		90F9AD41253F7CDE00B2A4BF /* Models */ = {
			isa = PBXGroup;
			children = (
				90F9AD42253F7CEB00B2A4BF /* Dish.swift */,
			);
			path = Models;
			sourceTree = "<group>";
		};
/* End PBXGroup section */

/* Begin PBXNativeTarget section */
		90F9AD0F253F7CA500B2A4BF /* stateToFilter */ = {
			isa = PBXNativeTarget;
			buildConfigurationList = 90F9AD35253F7CA800B2A4BF /* Build configuration list for PBXNativeTarget "stateToFilter" */;
			buildPhases = (
				90F9AD0C253F7CA500B2A4BF /* Sources */,
				90F9AD0D253F7CA500B2A4BF /* Frameworks */,
				90F9AD0E253F7CA500B2A4BF /* Resources */,
			);
			buildRules = (
			);
			dependencies = (
			);
			name = stateToFilter;
			productName = stateToFilter;
			productReference = 90F9AD10253F7CA500B2A4BF /* stateToFilter.app */;
			productType = "com.apple.product-type.application";
		};
		90F9AD20253F7CA800B2A4BF /* stateToFilterTests */ = {
			isa = PBXNativeTarget;
			buildConfigurationList = 90F9AD38253F7CA800B2A4BF /* Build configuration list for PBXNativeTarget "stateToFilterTests" */;
			buildPhases = (
				90F9AD1D253F7CA800B2A4BF /* Sources */,
				90F9AD1E253F7CA800B2A4BF /* Frameworks */,
				90F9AD1F253F7CA800B2A4BF /* Resources */,
			);
			buildRules = (
			);
			dependencies = (
				90F9AD23253F7CA800B2A4BF /* PBXTargetDependency */,
			);
			name = stateToFilterTests;
			productName = stateToFilterTests;
			productReference = 90F9AD21253F7CA800B2A4BF /* stateToFilterTests.xctest */;
			productType = "com.apple.product-type.bundle.unit-test";
		};
		90F9AD2B253F7CA800B2A4BF /* stateToFilterUITests */ = {
			isa = PBXNativeTarget;
			buildConfigurationList = 90F9AD3B253F7CA800B2A4BF /* Build configuration list for PBXNativeTarget "stateToFilterUITests" */;
			buildPhases = (
				90F9AD28253F7CA800B2A4BF /* Sources */,
				90F9AD29253F7CA800B2A4BF /* Frameworks */,
				90F9AD2A253F7CA800B2A4BF /* Resources */,
			);
			buildRules = (
			);
			dependencies = (
				90F9AD2E253F7CA800B2A4BF /* PBXTargetDependency */,
			);
			name = stateToFilterUITests;
			productName = stateToFilterUITests;
			productReference = 90F9AD2C253F7CA800B2A4BF /* stateToFilterUITests.xctest */;
			productType = "com.apple.product-type.bundle.ui-testing";
		};
/* End PBXNativeTarget section */

/* Begin PBXProject section */
		90F9AD08253F7CA500B2A4BF /* Project object */ = {
			isa = PBXProject;
			attributes = {
				LastSwiftUpdateCheck = 1200;
				LastUpgradeCheck = 1200;
				TargetAttributes = {
					90F9AD0F253F7CA500B2A4BF = {
						CreatedOnToolsVersion = 12.0.1;
					};
					90F9AD20253F7CA800B2A4BF = {
						CreatedOnToolsVersion = 12.0.1;
						TestTargetID = 90F9AD0F253F7CA500B2A4BF;
					};
					90F9AD2B253F7CA800B2A4BF = {
						CreatedOnToolsVersion = 12.0.1;
						TestTargetID = 90F9AD0F253F7CA500B2A4BF;
					};
				};
			};
			buildConfigurationList = 90F9AD0B253F7CA500B2A4BF /* Build configuration list for PBXProject "stateToFilter" */;
			compatibilityVersion = "Xcode 9.3";
			developmentRegion = en;
			hasScannedForEncodings = 0;
			knownRegions = (
				en,
				Base,
			);
			mainGroup = 90F9AD07253F7CA500B2A4BF;
			productRefGroup = 90F9AD11253F7CA500B2A4BF /* Products */;
			projectDirPath = "";
			projectRoot = "";
			targets = (
				90F9AD0F253F7CA500B2A4BF /* stateToFilter */,
				90F9AD20253F7CA800B2A4BF /* stateToFilterTests */,
				90F9AD2B253F7CA800B2A4BF /* stateToFilterUITests */,
			);
		};
/* End PBXProject section */

/* Begin PBXResourcesBuildPhase section */
		90F9AD0E253F7CA500B2A4BF /* Resources */ = {
			isa = PBXResourcesBuildPhase;
			buildActionMask = 2147483647;
			files = (
				90F9AD1B253F7CA700B2A4BF /* Preview Assets.xcassets in Resources */,
				90F9AD18253F7CA700B2A4BF /* Assets.xcassets in Resources */,
			);
			runOnlyForDeploymentPostprocessing = 0;
		};
		90F9AD1F253F7CA800B2A4BF /* Resources */ = {
			isa = PBXResourcesBuildPhase;
			buildActionMask = 2147483647;
			files = (
			);
			runOnlyForDeploymentPostprocessing = 0;
		};
		90F9AD2A253F7CA800B2A4BF /* Resources */ = {
			isa = PBXResourcesBuildPhase;
			buildActionMask = 2147483647;
			files = (
			);
			runOnlyForDeploymentPostprocessing = 0;
		};
/* End PBXResourcesBuildPhase section */

/* Begin PBXSourcesBuildPhase section */
		90F9AD0C253F7CA500B2A4BF /* Sources */ = {
			isa = PBXSourcesBuildPhase;
			buildActionMask = 2147483647;
			files = (
				90F9AD43253F7CEB00B2A4BF /* Dish.swift in Sources */,
				90F9AD16253F7CA500B2A4BF /* ContentView.swift in Sources */,
				90F9AD14253F7CA500B2A4BF /* stateToFilterApp.swift in Sources */,
			);
			runOnlyForDeploymentPostprocessing = 0;
		};
		90F9AD1D253F7CA800B2A4BF /* Sources */ = {
			isa = PBXSourcesBuildPhase;
			buildActionMask = 2147483647;
			files = (
				90F9AD26253F7CA800B2A4BF /* stateToFilterTests.swift in Sources */,
			);
			runOnlyForDeploymentPostprocessing = 0;
		};
		90F9AD28253F7CA800B2A4BF /* Sources */ = {
			isa = PBXSourcesBuildPhase;
			buildActionMask = 2147483647;
			files = (
				90F9AD31253F7CA800B2A4BF /* stateToFilterUITests.swift in Sources */,
			);
			runOnlyForDeploymentPostprocessing = 0;
		};
/* End PBXSourcesBuildPhase section */

/* Begin PBXTargetDependency section */
		90F9AD23253F7CA800B2A4BF /* PBXTargetDependency */ = {
			isa = PBXTargetDependency;
			target = 90F9AD0F253F7CA500B2A4BF /* stateToFilter */;
			targetProxy = 90F9AD22253F7CA800B2A4BF /* PBXContainerItemProxy */;
		};
		90F9AD2E253F7CA800B2A4BF /* PBXTargetDependency */ = {
			isa = PBXTargetDependency;
			target = 90F9AD0F253F7CA500B2A4BF /* stateToFilter */;
			targetProxy = 90F9AD2D253F7CA800B2A4BF /* PBXContainerItemProxy */;
		};
/* End PBXTargetDependency section */

/* Begin XCBuildConfiguration section */
		90F9AD33253F7CA800B2A4BF /* Debug */ = {
			isa = XCBuildConfiguration;
			buildSettings = {
				ALWAYS_SEARCH_USER_PATHS = NO;
				CLANG_ANALYZER_NONNULL = YES;
				CLANG_ANALYZER_NUMBER_OBJECT_CONVERSION = YES_AGGRESSIVE;
				CLANG_CXX_LANGUAGE_STANDARD = "gnu++14";
				CLANG_CXX_LIBRARY = "libc++";
				CLANG_ENABLE_MODULES = YES;
				CLANG_ENABLE_OBJC_ARC = YES;
				CLANG_ENABLE_OBJC_WEAK = YES;
				CLANG_WARN_BLOCK_CAPTURE_AUTORELEASING = YES;
				CLANG_WARN_BOOL_CONVERSION = YES;
				CLANG_WARN_COMMA = YES;
				CLANG_WARN_CONSTANT_CONVERSION = YES;
				CLANG_WARN_DEPRECATED_OBJC_IMPLEMENTATIONS = YES;
				CLANG_WARN_DIRECT_OBJC_ISA_USAGE = YES_ERROR;
				CLANG_WARN_DOCUMENTATION_COMMENTS = YES;
				CLANG_WARN_EMPTY_BODY = YES;
				CLANG_WARN_ENUM_CONVERSION = YES;
				CLANG_WARN_INFINITE_RECURSION = YES;
				CLANG_WARN_INT_CONVERSION = YES;
				CLANG_WARN_NON_LITERAL_NULL_CONVERSION = YES;
				CLANG_WARN_OBJC_IMPLICIT_RETAIN_SELF = YES;
				CLANG_WARN_OBJC_LITERAL_CONVERSION = YES;
				CLANG_WARN_OBJC_ROOT_CLASS = YES_ERROR;
				CLANG_WARN_QUOTED_INCLUDE_IN_FRAMEWORK_HEADER = YES;
				CLANG_WARN_RANGE_LOOP_ANALYSIS = YES;
				CLANG_WARN_STRICT_PROTOTYPES = YES;
				CLANG_WARN_SUSPICIOUS_MOVE = YES;
				CLANG_WARN_UNGUARDED_AVAILABILITY = YES_AGGRESSIVE;
				CLANG_WARN_UNREACHABLE_CODE = YES;
				CLANG_WARN__DUPLICATE_METHOD_MATCH = YES;
				COPY_PHASE_STRIP = NO;
				DEBUG_INFORMATION_FORMAT = dwarf;
				ENABLE_STRICT_OBJC_MSGSEND = YES;
				ENABLE_TESTABILITY = YES;
				GCC_C_LANGUAGE_STANDARD = gnu11;
				GCC_DYNAMIC_NO_PIC = NO;
				GCC_NO_COMMON_BLOCKS = YES;
				GCC_OPTIMIZATION_LEVEL = 0;
				GCC_PREPROCESSOR_DEFINITIONS = (
					"DEBUG=1",
					"$(inherited)",
				);
				GCC_WARN_64_TO_32_BIT_CONVERSION = YES;
				GCC_WARN_ABOUT_RETURN_TYPE = YES_ERROR;
				GCC_WARN_UNDECLARED_SELECTOR = YES;
				GCC_WARN_UNINITIALIZED_AUTOS = YES_AGGRESSIVE;
				GCC_WARN_UNUSED_FUNCTION = YES;
				GCC_WARN_UNUSED_VARIABLE = YES;
				IPHONEOS_DEPLOYMENT_TARGET = 14.0;
				MTL_ENABLE_DEBUG_INFO = INCLUDE_SOURCE;
				MTL_FAST_MATH = YES;
				ONLY_ACTIVE_ARCH = YES;
				SDKROOT = iphoneos;
				SWIFT_ACTIVE_COMPILATION_CONDITIONS = DEBUG;
				SWIFT_OPTIMIZATION_LEVEL = "-Onone";
			};
			name = Debug;
		};
		90F9AD34253F7CA800B2A4BF /* Release */ = {
			isa = XCBuildConfiguration;
			buildSettings = {
				ALWAYS_SEARCH_USER_PATHS = NO;
				CLANG_ANALYZER_NONNULL = YES;
				CLANG_ANALYZER_NUMBER_OBJECT_CONVERSION = YES_AGGRESSIVE;
				CLANG_CXX_LANGUAGE_STANDARD = "gnu++14";
				CLANG_CXX_LIBRARY = "libc++";
				CLANG_ENABLE_MODULES = YES;
				CLANG_ENABLE_OBJC_ARC = YES;
				CLANG_ENABLE_OBJC_WEAK = YES;
				CLANG_WARN_BLOCK_CAPTURE_AUTORELEASING = YES;
				CLANG_WARN_BOOL_CONVERSION = YES;
				CLANG_WARN_COMMA = YES;
				CLANG_WARN_CONSTANT_CONVERSION = YES;
				CLANG_WARN_DEPRECATED_OBJC_IMPLEMENTATIONS = YES;
				CLANG_WARN_DIRECT_OBJC_ISA_USAGE = YES_ERROR;
				CLANG_WARN_DOCUMENTATION_COMMENTS = YES;
				CLANG_WARN_EMPTY_BODY = YES;
				CLANG_WARN_ENUM_CONVERSION = YES;
				CLANG_WARN_INFINITE_RECURSION = YES;
				CLANG_WARN_INT_CONVERSION = YES;
				CLANG_WARN_NON_LITERAL_NULL_CONVERSION = YES;
				CLANG_WARN_OBJC_IMPLICIT_RETAIN_SELF = YES;
				CLANG_WARN_OBJC_LITERAL_CONVERSION = YES;
				CLANG_WARN_OBJC_ROOT_CLASS = YES_ERROR;
				CLANG_WARN_QUOTED_INCLUDE_IN_FRAMEWORK_HEADER = YES;
				CLANG_WARN_RANGE_LOOP_ANALYSIS = YES;
				CLANG_WARN_STRICT_PROTOTYPES = YES;
				CLANG_WARN_SUSPICIOUS_MOVE = YES;
				CLANG_WARN_UNGUARDED_AVAILABILITY = YES_AGGRESSIVE;
				CLANG_WARN_UNREACHABLE_CODE = YES;
				CLANG_WARN__DUPLICATE_METHOD_MATCH = YES;
				COPY_PHASE_STRIP = NO;
				DEBUG_INFORMATION_FORMAT = "dwarf-with-dsym";
				ENABLE_NS_ASSERTIONS = NO;
				ENABLE_STRICT_OBJC_MSGSEND = YES;
				GCC_C_LANGUAGE_STANDARD = gnu11;
				GCC_NO_COMMON_BLOCKS = YES;
				GCC_WARN_64_TO_32_BIT_CONVERSION = YES;
				GCC_WARN_ABOUT_RETURN_TYPE = YES_ERROR;
				GCC_WARN_UNDECLARED_SELECTOR = YES;
				GCC_WARN_UNINITIALIZED_AUTOS = YES_AGGRESSIVE;
				GCC_WARN_UNUSED_FUNCTION = YES;
				GCC_WARN_UNUSED_VARIABLE = YES;
				IPHONEOS_DEPLOYMENT_TARGET = 14.0;
				MTL_ENABLE_DEBUG_INFO = NO;
				MTL_FAST_MATH = YES;
				SDKROOT = iphoneos;
				SWIFT_COMPILATION_MODE = wholemodule;
				SWIFT_OPTIMIZATION_LEVEL = "-O";
				VALIDATE_PRODUCT = YES;
			};
			name = Release;
		};
		90F9AD36253F7CA800B2A4BF /* Debug */ = {
			isa = XCBuildConfiguration;
			buildSettings = {
				ASSETCATALOG_COMPILER_APPICON_NAME = AppIcon;
				ASSETCATALOG_COMPILER_GLOBAL_ACCENT_COLOR_NAME = AccentColor;
				CODE_SIGN_STYLE = Automatic;
				DEVELOPMENT_ASSET_PATHS = "\"stateToFilter/Preview Content\"";
				DEVELOPMENT_TEAM = 57FTCZV5HS;
				ENABLE_PREVIEWS = YES;
				INFOPLIST_FILE = stateToFilter/Info.plist;
				IPHONEOS_DEPLOYMENT_TARGET = 14.0;
				LD_RUNPATH_SEARCH_PATHS = (
					"$(inherited)",
					"@executable_path/Frameworks",
				);
				PRODUCT_BUNDLE_IDENTIFIER = com.greghughes.stateToFilter;
				PRODUCT_NAME = "$(TARGET_NAME)";
				SWIFT_VERSION = 5.0;
				TARGETED_DEVICE_FAMILY = "1,2";
			};
			name = Debug;
		};
		90F9AD37253F7CA800B2A4BF /* Release */ = {
			isa = XCBuildConfiguration;
			buildSettings = {
				ASSETCATALOG_COMPILER_APPICON_NAME = AppIcon;
				ASSETCATALOG_COMPILER_GLOBAL_ACCENT_COLOR_NAME = AccentColor;
				CODE_SIGN_STYLE = Automatic;
				DEVELOPMENT_ASSET_PATHS = "\"stateToFilter/Preview Content\"";
				DEVELOPMENT_TEAM = 57FTCZV5HS;
				ENABLE_PREVIEWS = YES;
				INFOPLIST_FILE = stateToFilter/Info.plist;
				IPHONEOS_DEPLOYMENT_TARGET = 14.0;
				LD_RUNPATH_SEARCH_PATHS = (
					"$(inherited)",
					"@executable_path/Frameworks",
				);
				PRODUCT_BUNDLE_IDENTIFIER = com.greghughes.stateToFilter;
				PRODUCT_NAME = "$(TARGET_NAME)";
				SWIFT_VERSION = 5.0;
				TARGETED_DEVICE_FAMILY = "1,2";
			};
			name = Release;
		};
		90F9AD39253F7CA800B2A4BF /* Debug */ = {
			isa = XCBuildConfiguration;
			buildSettings = {
				ALWAYS_EMBED_SWIFT_STANDARD_LIBRARIES = YES;
				BUNDLE_LOADER = "$(TEST_HOST)";
				CODE_SIGN_STYLE = Automatic;
				DEVELOPMENT_TEAM = 57FTCZV5HS;
				INFOPLIST_FILE = stateToFilterTests/Info.plist;
				IPHONEOS_DEPLOYMENT_TARGET = 14.0;
				LD_RUNPATH_SEARCH_PATHS = (
					"$(inherited)",
					"@executable_path/Frameworks",
					"@loader_path/Frameworks",
				);
				PRODUCT_BUNDLE_IDENTIFIER = com.greghughes.stateToFilterTests;
				PRODUCT_NAME = "$(TARGET_NAME)";
				SWIFT_VERSION = 5.0;
				TARGETED_DEVICE_FAMILY = "1,2";
				TEST_HOST = "$(BUILT_PRODUCTS_DIR)/stateToFilter.app/stateToFilter";
			};
			name = Debug;
		};
		90F9AD3A253F7CA800B2A4BF /* Release */ = {
			isa = XCBuildConfiguration;
			buildSettings = {
				ALWAYS_EMBED_SWIFT_STANDARD_LIBRARIES = YES;
				BUNDLE_LOADER = "$(TEST_HOST)";
				CODE_SIGN_STYLE = Automatic;
				DEVELOPMENT_TEAM = 57FTCZV5HS;
				INFOPLIST_FILE = stateToFilterTests/Info.plist;
				IPHONEOS_DEPLOYMENT_TARGET = 14.0;
				LD_RUNPATH_SEARCH_PATHS = (
					"$(inherited)",
					"@executable_path/Frameworks",
					"@loader_path/Frameworks",
				);
				PRODUCT_BUNDLE_IDENTIFIER = com.greghughes.stateToFilterTests;
				PRODUCT_NAME = "$(TARGET_NAME)";
				SWIFT_VERSION = 5.0;
				TARGETED_DEVICE_FAMILY = "1,2";
				TEST_HOST = "$(BUILT_PRODUCTS_DIR)/stateToFilter.app/stateToFilter";
			};
			name = Release;
		};
		90F9AD3C253F7CA800B2A4BF /* Debug */ = {
			isa = XCBuildConfiguration;
			buildSettings = {
				ALWAYS_EMBED_SWIFT_STANDARD_LIBRARIES = YES;
				CODE_SIGN_STYLE = Automatic;
				DEVELOPMENT_TEAM = 57FTCZV5HS;
				INFOPLIST_FILE = stateToFilterUITests/Info.plist;
				LD_RUNPATH_SEARCH_PATHS = (
					"$(inherited)",
					"@executable_path/Frameworks",
					"@loader_path/Frameworks",
				);
				PRODUCT_BUNDLE_IDENTIFIER = com.greghughes.stateToFilterUITests;
				PRODUCT_NAME = "$(TARGET_NAME)";
				SWIFT_VERSION = 5.0;
				TARGETED_DEVICE_FAMILY = "1,2";
				TEST_TARGET_NAME = stateToFilter;
			};
			name = Debug;
		};
		90F9AD3D253F7CA800B2A4BF /* Release */ = {
			isa = XCBuildConfiguration;
			buildSettings = {
				ALWAYS_EMBED_SWIFT_STANDARD_LIBRARIES = YES;
				CODE_SIGN_STYLE = Automatic;
				DEVELOPMENT_TEAM = 57FTCZV5HS;
				INFOPLIST_FILE = stateToFilterUITests/Info.plist;
				LD_RUNPATH_SEARCH_PATHS = (
					"$(inherited)",
					"@executable_path/Frameworks",
					"@loader_path/Frameworks",
				);
				PRODUCT_BUNDLE_IDENTIFIER = com.greghughes.stateToFilterUITests;
				PRODUCT_NAME = "$(TARGET_NAME)";
				SWIFT_VERSION = 5.0;
				TARGETED_DEVICE_FAMILY = "1,2";
				TEST_TARGET_NAME = stateToFilter;
			};
			name = Release;
		};
/* End XCBuildConfiguration section */

/* Begin XCConfigurationList section */
		90F9AD0B253F7CA500B2A4BF /* Build configuration list for PBXProject "stateToFilter" */ = {
			isa = XCConfigurationList;
			buildConfigurations = (
				90F9AD33253F7CA800B2A4BF /* Debug */,
				90F9AD34253F7CA800B2A4BF /* Release */,
			);
			defaultConfigurationIsVisible = 0;
			defaultConfigurationName = Release;
		};
		90F9AD35253F7CA800B2A4BF /* Build configuration list for PBXNativeTarget "stateToFilter" */ = {
			isa = XCConfigurationList;
			buildConfigurations = (
				90F9AD36253F7CA800B2A4BF /* Debug */,
				90F9AD37253F7CA800B2A4BF /* Release */,
			);
			defaultConfigurationIsVisible = 0;
			defaultConfigurationName = Release;
		};
		90F9AD38253F7CA800B2A4BF /* Build configuration list for PBXNativeTarget "stateToFilterTests" */ = {
			isa = XCConfigurationList;
			buildConfigurations = (
				90F9AD39253F7CA800B2A4BF /* Debug */,
				90F9AD3A253F7CA800B2A4BF /* Release */,
			);
			defaultConfigurationIsVisible = 0;
			defaultConfigurationName = Release;
		};
		90F9AD3B253F7CA800B2A4BF /* Build configuration list for PBXNativeTarget "stateToFilterUITests" */ = {
			isa = XCConfigurationList;
			buildConfigurations = (
				90F9AD3C253F7CA800B2A4BF /* Debug */,
				90F9AD3D253F7CA800B2A4BF /* Release */,
			);
			defaultConfigurationIsVisible = 0;
			defaultConfigurationName = Release;
		};
/* End XCConfigurationList section */
	};
	rootObject = 90F9AD08253F7CA500B2A4BF /* Project object */;
}
