// !$*UTF8*$!
{
	archiveVersion = 1;
	classes = {
	};
	objectVersion = 50;
	objects = {

/* Begin PBXBuildFile section */
		90F9ADD7253F894100B2A4BF /* SwiftUI_ObservableObjectApp.swift in Sources */ = {isa = PBXBuildFile; fileRef = 90F9ADD6253F894100B2A4BF /* SwiftUI_ObservableObjectApp.swift */; };
		90F9ADD9253F894100B2A4BF /* ContentView.swift in Sources */ = {isa = PBXBuildFile; fileRef = 90F9ADD8253F894100B2A4BF /* ContentView.swift */; };
		90F9ADDB253F894300B2A4BF /* Assets.xcassets in Resources */ = {isa = PBXBuildFile; fileRef = 90F9ADDA253F894300B2A4BF /* Assets.xcassets */; };
		90F9ADDE253F894300B2A4BF /* Preview Assets.xcassets in Resources */ = {isa = PBXBuildFile; fileRef = 90F9ADDD253F894300B2A4BF /* Preview Assets.xcassets */; };
		90F9ADE9253F894300B2A4BF /* SwiftUI_ObservableObjectTests.swift in Sources */ = {isa = PBXBuildFile; fileRef = 90F9ADE8253F894300B2A4BF /* SwiftUI_ObservableObjectTests.swift */; };
		90F9ADF4253F894300B2A4BF /* SwiftUI_ObservableObjectUITests.swift in Sources */ = {isa = PBXBuildFile; fileRef = 90F9ADF3253F894300B2A4BF /* SwiftUI_ObservableObjectUITests.swift */; };
		90F9AE05253F897B00B2A4BF /* FancyTimer.swift in Sources */ = {isa = PBXBuildFile; fileRef = 90F9AE04253F897B00B2A4BF /* FancyTimer.swift */; };
		90F9AE0B253F8B5C00B2A4BF /* UserSettings.swift in Sources */ = {isa = PBXBuildFile; fileRef = 90F9AE0A253F8B5C00B2A4BF /* UserSettings.swift */; };
		90F9AE17253F8D6B00B2A4BF /* FancyScoreView.swift in Sources */ = {isa = PBXBuildFile; fileRef = 90F9AE16253F8D6B00B2A4BF /* FancyScoreView.swift */; };
		90F9AE1F253F907700B2A4BF /* FancyScoreView3.swift in Sources */ = {isa = PBXBuildFile; fileRef = 90F9AE1E253F907700B2A4BF /* FancyScoreView3.swift */; };
/* End PBXBuildFile section */

/* Begin PBXContainerItemProxy section */
		90F9ADE5253F894300B2A4BF /* PBXContainerItemProxy */ = {
			isa = PBXContainerItemProxy;
			containerPortal = 90F9ADCB253F894100B2A4BF /* Project object */;
			proxyType = 1;
			remoteGlobalIDString = 90F9ADD2253F894100B2A4BF;
			remoteInfo = "SwiftUI-ObservableObject";
		};
		90F9ADF0253F894300B2A4BF /* PBXContainerItemProxy */ = {
			isa = PBXContainerItemProxy;
			containerPortal = 90F9ADCB253F894100B2A4BF /* Project object */;
			proxyType = 1;
			remoteGlobalIDString = 90F9ADD2253F894100B2A4BF;
			remoteInfo = "SwiftUI-ObservableObject";
		};
/* End PBXContainerItemProxy section */

/* Begin PBXFileReference section */
		90F9ADD3253F894100B2A4BF /* SwiftUI-ObservableObject.app */ = {isa = PBXFileReference; explicitFileType = wrapper.application; includeInIndex = 0; path = "SwiftUI-ObservableObject.app"; sourceTree = BUILT_PRODUCTS_DIR; };
		90F9ADD6253F894100B2A4BF /* SwiftUI_ObservableObjectApp.swift */ = {isa = PBXFileReference; lastKnownFileType = sourcecode.swift; path = SwiftUI_ObservableObjectApp.swift; sourceTree = "<group>"; };
		90F9ADD8253F894100B2A4BF /* ContentView.swift */ = {isa = PBXFileReference; lastKnownFileType = sourcecode.swift; path = ContentView.swift; sourceTree = "<group>"; };
		90F9ADDA253F894300B2A4BF /* Assets.xcassets */ = {isa = PBXFileReference; lastKnownFileType = folder.assetcatalog; path = Assets.xcassets; sourceTree = "<group>"; };
		90F9ADDD253F894300B2A4BF /* Preview Assets.xcassets */ = {isa = PBXFileReference; lastKnownFileType = folder.assetcatalog; path = "Preview Assets.xcassets"; sourceTree = "<group>"; };
		90F9ADDF253F894300B2A4BF /* Info.plist */ = {isa = PBXFileReference; lastKnownFileType = text.plist.xml; path = Info.plist; sourceTree = "<group>"; };
		90F9ADE4253F894300B2A4BF /* SwiftUI-ObservableObjectTests.xctest */ = {isa = PBXFileReference; explicitFileType = wrapper.cfbundle; includeInIndex = 0; path = "SwiftUI-ObservableObjectTests.xctest"; sourceTree = BUILT_PRODUCTS_DIR; };
		90F9ADE8253F894300B2A4BF /* SwiftUI_ObservableObjectTests.swift */ = {isa = PBXFileReference; lastKnownFileType = sourcecode.swift; path = SwiftUI_ObservableObjectTests.swift; sourceTree = "<group>"; };
		90F9ADEA253F894300B2A4BF /* Info.plist */ = {isa = PBXFileReference; lastKnownFileType = text.plist.xml; path = Info.plist; sourceTree = "<group>"; };
		90F9ADEF253F894300B2A4BF /* SwiftUI-ObservableObjectUITests.xctest */ = {isa = PBXFileReference; explicitFileType = wrapper.cfbundle; includeInIndex = 0; path = "SwiftUI-ObservableObjectUITests.xctest"; sourceTree = BUILT_PRODUCTS_DIR; };
		90F9ADF3253F894300B2A4BF /* SwiftUI_ObservableObjectUITests.swift */ = {isa = PBXFileReference; lastKnownFileType = sourcecode.swift; path = SwiftUI_ObservableObjectUITests.swift; sourceTree = "<group>"; };
		90F9ADF5253F894300B2A4BF /* Info.plist */ = {isa = PBXFileReference; lastKnownFileType = text.plist.xml; path = Info.plist; sourceTree = "<group>"; };
		90F9AE04253F897B00B2A4BF /* FancyTimer.swift */ = {isa = PBXFileReference; lastKnownFileType = sourcecode.swift; path = FancyTimer.swift; sourceTree = "<group>"; };
		90F9AE0A253F8B5C00B2A4BF /* UserSettings.swift */ = {isa = PBXFileReference; lastKnownFileType = sourcecode.swift; path = UserSettings.swift; sourceTree = "<group>"; };
		90F9AE16253F8D6B00B2A4BF /* FancyScoreView.swift */ = {isa = PBXFileReference; lastKnownFileType = sourcecode.swift; path = FancyScoreView.swift; sourceTree = "<group>"; };
		90F9AE1E253F907700B2A4BF /* FancyScoreView3.swift */ = {isa = PBXFileReference; lastKnownFileType = sourcecode.swift; path = FancyScoreView3.swift; sourceTree = "<group>"; };
/* End PBXFileReference section */

/* Begin PBXFrameworksBuildPhase section */
		90F9ADD0253F894100B2A4BF /* Frameworks */ = {
			isa = PBXFrameworksBuildPhase;
			buildActionMask = 2147483647;
			files = (
			);
			runOnlyForDeploymentPostprocessing = 0;
		};
		90F9ADE1253F894300B2A4BF /* Frameworks */ = {
			isa = PBXFrameworksBuildPhase;
			buildActionMask = 2147483647;
			files = (
			);
			runOnlyForDeploymentPostprocessing = 0;
		};
		90F9ADEC253F894300B2A4BF /* Frameworks */ = {
			isa = PBXFrameworksBuildPhase;
			buildActionMask = 2147483647;
			files = (
			);
			runOnlyForDeploymentPostprocessing = 0;
		};
/* End PBXFrameworksBuildPhase section */

/* Begin PBXGroup section */
		90F9ADCA253F894100B2A4BF = {
			isa = PBXGroup;
			children = (
				90F9ADD5253F894100B2A4BF /* SwiftUI-ObservableObject */,
				90F9ADE7253F894300B2A4BF /* SwiftUI-ObservableObjectTests */,
				90F9ADF2253F894300B2A4BF /* SwiftUI-ObservableObjectUITests */,
				90F9ADD4253F894100B2A4BF /* Products */,
			);
			sourceTree = "<group>";
		};
		90F9ADD4253F894100B2A4BF /* Products */ = {
			isa = PBXGroup;
			children = (
				90F9ADD3253F894100B2A4BF /* SwiftUI-ObservableObject.app */,
				90F9ADE4253F894300B2A4BF /* SwiftUI-ObservableObjectTests.xctest */,
				90F9ADEF253F894300B2A4BF /* SwiftUI-ObservableObjectUITests.xctest */,
			);
			name = Products;
			sourceTree = "<group>";
		};
		90F9ADD5253F894100B2A4BF /* SwiftUI-ObservableObject */ = {
			isa = PBXGroup;
			children = (
				90F9AE15253F8D5F00B2A4BF /* Views */,
				90F9AE09253F8B4F00B2A4BF /* Models */,
				90F9ADD6253F894100B2A4BF /* SwiftUI_ObservableObjectApp.swift */,
				90F9ADD8253F894100B2A4BF /* ContentView.swift */,
				90F9ADDA253F894300B2A4BF /* Assets.xcassets */,
				90F9ADDF253F894300B2A4BF /* Info.plist */,
				90F9ADDC253F894300B2A4BF /* Preview Content */,
			);
			path = "SwiftUI-ObservableObject";
			sourceTree = "<group>";
		};
		90F9ADDC253F894300B2A4BF /* Preview Content */ = {
			isa = PBXGroup;
			children = (
				90F9ADDD253F894300B2A4BF /* Preview Assets.xcassets */,
			);
			path = "Preview Content";
			sourceTree = "<group>";
		};
		90F9ADE7253F894300B2A4BF /* SwiftUI-ObservableObjectTests */ = {
			isa = PBXGroup;
			children = (
				90F9ADE8253F894300B2A4BF /* SwiftUI_ObservableObjectTests.swift */,
				90F9ADEA253F894300B2A4BF /* Info.plist */,
			);
			path = "SwiftUI-ObservableObjectTests";
			sourceTree = "<group>";
		};
		90F9ADF2253F894300B2A4BF /* SwiftUI-ObservableObjectUITests */ = {
			isa = PBXGroup;
			children = (
				90F9ADF3253F894300B2A4BF /* SwiftUI_ObservableObjectUITests.swift */,
				90F9ADF5253F894300B2A4BF /* Info.plist */,
			);
			path = "SwiftUI-ObservableObjectUITests";
			sourceTree = "<group>";
		};
		90F9AE09253F8B4F00B2A4BF /* Models */ = {
			isa = PBXGroup;
			children = (
				90F9AE04253F897B00B2A4BF /* FancyTimer.swift */,
				90F9AE0A253F8B5C00B2A4BF /* UserSettings.swift */,
			);
			path = Models;
			sourceTree = "<group>";
		};
		90F9AE15253F8D5F00B2A4BF /* Views */ = {
			isa = PBXGroup;
			children = (
				90F9AE16253F8D6B00B2A4BF /* FancyScoreView.swift */,
				90F9AE1E253F907700B2A4BF /* FancyScoreView3.swift */,
			);
			path = Views;
			sourceTree = "<group>";
		};
/* End PBXGroup section */

/* Begin PBXNativeTarget section */
		90F9ADD2253F894100B2A4BF /* SwiftUI-ObservableObject */ = {
			isa = PBXNativeTarget;
			buildConfigurationList = 90F9ADF8253F894300B2A4BF /* Build configuration list for PBXNativeTarget "SwiftUI-ObservableObject" */;
			buildPhases = (
				90F9ADCF253F894100B2A4BF /* Sources */,
				90F9ADD0253F894100B2A4BF /* Frameworks */,
				90F9ADD1253F894100B2A4BF /* Resources */,
			);
			buildRules = (
			);
			dependencies = (
			);
			name = "SwiftUI-ObservableObject";
			productName = "SwiftUI-ObservableObject";
			productReference = 90F9ADD3253F894100B2A4BF /* SwiftUI-ObservableObject.app */;
			productType = "com.apple.product-type.application";
		};
		90F9ADE3253F894300B2A4BF /* SwiftUI-ObservableObjectTests */ = {
			isa = PBXNativeTarget;
			buildConfigurationList = 90F9ADFB253F894300B2A4BF /* Build configuration list for PBXNativeTarget "SwiftUI-ObservableObjectTests" */;
			buildPhases = (
				90F9ADE0253F894300B2A4BF /* Sources */,
				90F9ADE1253F894300B2A4BF /* Frameworks */,
				90F9ADE2253F894300B2A4BF /* Resources */,
			);
			buildRules = (
			);
			dependencies = (
				90F9ADE6253F894300B2A4BF /* PBXTargetDependency */,
			);
			name = "SwiftUI-ObservableObjectTests";
			productName = "SwiftUI-ObservableObjectTests";
			productReference = 90F9ADE4253F894300B2A4BF /* SwiftUI-ObservableObjectTests.xctest */;
			productType = "com.apple.product-type.bundle.unit-test";
		};
		90F9ADEE253F894300B2A4BF /* SwiftUI-ObservableObjectUITests */ = {
			isa = PBXNativeTarget;
			buildConfigurationList = 90F9ADFE253F894300B2A4BF /* Build configuration list for PBXNativeTarget "SwiftUI-ObservableObjectUITests" */;
			buildPhases = (
				90F9ADEB253F894300B2A4BF /* Sources */,
				90F9ADEC253F894300B2A4BF /* Frameworks */,
				90F9ADED253F894300B2A4BF /* Resources */,
			);
			buildRules = (
			);
			dependencies = (
				90F9ADF1253F894300B2A4BF /* PBXTargetDependency */,
			);
			name = "SwiftUI-ObservableObjectUITests";
			productName = "SwiftUI-ObservableObjectUITests";
			productReference = 90F9ADEF253F894300B2A4BF /* SwiftUI-ObservableObjectUITests.xctest */;
			productType = "com.apple.product-type.bundle.ui-testing";
		};
/* End PBXNativeTarget section */

/* Begin PBXProject section */
		90F9ADCB253F894100B2A4BF /* Project object */ = {
			isa = PBXProject;
			attributes = {
				LastSwiftUpdateCheck = 1200;
				LastUpgradeCheck = 1200;
				TargetAttributes = {
					90F9ADD2253F894100B2A4BF = {
						CreatedOnToolsVersion = 12.0.1;
					};
					90F9ADE3253F894300B2A4BF = {
						CreatedOnToolsVersion = 12.0.1;
						TestTargetID = 90F9ADD2253F894100B2A4BF;
					};
					90F9ADEE253F894300B2A4BF = {
						CreatedOnToolsVersion = 12.0.1;
						TestTargetID = 90F9ADD2253F894100B2A4BF;
					};
				};
			};
			buildConfigurationList = 90F9ADCE253F894100B2A4BF /* Build configuration list for PBXProject "SwiftUI-ObservableObject" */;
			compatibilityVersion = "Xcode 9.3";
			developmentRegion = en;
			hasScannedForEncodings = 0;
			knownRegions = (
				en,
				Base,
			);
			mainGroup = 90F9ADCA253F894100B2A4BF;
			productRefGroup = 90F9ADD4253F894100B2A4BF /* Products */;
			projectDirPath = "";
			projectRoot = "";
			targets = (
				90F9ADD2253F894100B2A4BF /* SwiftUI-ObservableObject */,
				90F9ADE3253F894300B2A4BF /* SwiftUI-ObservableObjectTests */,
				90F9ADEE253F894300B2A4BF /* SwiftUI-ObservableObjectUITests */,
			);
		};
/* End PBXProject section */

/* Begin PBXResourcesBuildPhase section */
		90F9ADD1253F894100B2A4BF /* Resources */ = {
			isa = PBXResourcesBuildPhase;
			buildActionMask = 2147483647;
			files = (
				90F9ADDE253F894300B2A4BF /* Preview Assets.xcassets in Resources */,
				90F9ADDB253F894300B2A4BF /* Assets.xcassets in Resources */,
			);
			runOnlyForDeploymentPostprocessing = 0;
		};
		90F9ADE2253F894300B2A4BF /* Resources */ = {
			isa = PBXResourcesBuildPhase;
			buildActionMask = 2147483647;
			files = (
			);
			runOnlyForDeploymentPostprocessing = 0;
		};
		90F9ADED253F894300B2A4BF /* Resources */ = {
			isa = PBXResourcesBuildPhase;
			buildActionMask = 2147483647;
			files = (
			);
			runOnlyForDeploymentPostprocessing = 0;
		};
/* End PBXResourcesBuildPhase section */

/* Begin PBXSourcesBuildPhase section */
		90F9ADCF253F894100B2A4BF /* Sources */ = {
			isa = PBXSourcesBuildPhase;
			buildActionMask = 2147483647;
			files = (
				90F9ADD9253F894100B2A4BF /* ContentView.swift in Sources */,
				90F9ADD7253F894100B2A4BF /* SwiftUI_ObservableObjectApp.swift in Sources */,
				90F9AE17253F8D6B00B2A4BF /* FancyScoreView.swift in Sources */,
				90F9AE1F253F907700B2A4BF /* FancyScoreView3.swift in Sources */,
				90F9AE05253F897B00B2A4BF /* FancyTimer.swift in Sources */,
				90F9AE0B253F8B5C00B2A4BF /* UserSettings.swift in Sources */,
			);
			runOnlyForDeploymentPostprocessing = 0;
		};
		90F9ADE0253F894300B2A4BF /* Sources */ = {
			isa = PBXSourcesBuildPhase;
			buildActionMask = 2147483647;
			files = (
				90F9ADE9253F894300B2A4BF /* SwiftUI_ObservableObjectTests.swift in Sources */,
			);
			runOnlyForDeploymentPostprocessing = 0;
		};
		90F9ADEB253F894300B2A4BF /* Sources */ = {
			isa = PBXSourcesBuildPhase;
			buildActionMask = 2147483647;
			files = (
				90F9ADF4253F894300B2A4BF /* SwiftUI_ObservableObjectUITests.swift in Sources */,
			);
			runOnlyForDeploymentPostprocessing = 0;
		};
/* End PBXSourcesBuildPhase section */

/* Begin PBXTargetDependency section */
		90F9ADE6253F894300B2A4BF /* PBXTargetDependency */ = {
			isa = PBXTargetDependency;
			target = 90F9ADD2253F894100B2A4BF /* SwiftUI-ObservableObject */;
			targetProxy = 90F9ADE5253F894300B2A4BF /* PBXContainerItemProxy */;
		};
		90F9ADF1253F894300B2A4BF /* PBXTargetDependency */ = {
			isa = PBXTargetDependency;
			target = 90F9ADD2253F894100B2A4BF /* SwiftUI-ObservableObject */;
			targetProxy = 90F9ADF0253F894300B2A4BF /* PBXContainerItemProxy */;
		};
/* End PBXTargetDependency section */

/* Begin XCBuildConfiguration section */
		90F9ADF6253F894300B2A4BF /* Debug */ = {
			isa = XCBuildConfiguration;
			buildSettings = {
				ALWAYS_SEARCH_USER_PATHS = NO;
				CLANG_ANALYZER_NONNULL = YES;
				CLANG_ANALYZER_NUMBER_OBJECT_CONVERSION = YES_AGGRESSIVE;
				CLANG_CXX_LANGUAGE_STANDARD = "gnu++14";
				CLANG_CXX_LIBRARY = "libc++";
				CLANG_ENABLE_MODULES = YES;
				CLANG_ENABLE_OBJC_ARC = YES;
				CLANG_ENABLE_OBJC_WEAK = YES;
				CLANG_WARN_BLOCK_CAPTURE_AUTORELEASING = YES;
				CLANG_WARN_BOOL_CONVERSION = YES;
				CLANG_WARN_COMMA = YES;
				CLANG_WARN_CONSTANT_CONVERSION = YES;
				CLANG_WARN_DEPRECATED_OBJC_IMPLEMENTATIONS = YES;
				CLANG_WARN_DIRECT_OBJC_ISA_USAGE = YES_ERROR;
				CLANG_WARN_DOCUMENTATION_COMMENTS = YES;
				CLANG_WARN_EMPTY_BODY = YES;
				CLANG_WARN_ENUM_CONVERSION = YES;
				CLANG_WARN_INFINITE_RECURSION = YES;
				CLANG_WARN_INT_CONVERSION = YES;
				CLANG_WARN_NON_LITERAL_NULL_CONVERSION = YES;
				CLANG_WARN_OBJC_IMPLICIT_RETAIN_SELF = YES;
				CLANG_WARN_OBJC_LITERAL_CONVERSION = YES;
				CLANG_WARN_OBJC_ROOT_CLASS = YES_ERROR;
				CLANG_WARN_QUOTED_INCLUDE_IN_FRAMEWORK_HEADER = YES;
				CLANG_WARN_RANGE_LOOP_ANALYSIS = YES;
				CLANG_WARN_STRICT_PROTOTYPES = YES;
				CLANG_WARN_SUSPICIOUS_MOVE = YES;
				CLANG_WARN_UNGUARDED_AVAILABILITY = YES_AGGRESSIVE;
				CLANG_WARN_UNREACHABLE_CODE = YES;
				CLANG_WARN__DUPLICATE_METHOD_MATCH = YES;
				COPY_PHASE_STRIP = NO;
				DEBUG_INFORMATION_FORMAT = dwarf;
				ENABLE_STRICT_OBJC_MSGSEND = YES;
				ENABLE_TESTABILITY = YES;
				GCC_C_LANGUAGE_STANDARD = gnu11;
				GCC_DYNAMIC_NO_PIC = NO;
				GCC_NO_COMMON_BLOCKS = YES;
				GCC_OPTIMIZATION_LEVEL = 0;
				GCC_PREPROCESSOR_DEFINITIONS = (
					"DEBUG=1",
					"$(inherited)",
				);
				GCC_WARN_64_TO_32_BIT_CONVERSION = YES;
				GCC_WARN_ABOUT_RETURN_TYPE = YES_ERROR;
				GCC_WARN_UNDECLARED_SELECTOR = YES;
				GCC_WARN_UNINITIALIZED_AUTOS = YES_AGGRESSIVE;
				GCC_WARN_UNUSED_FUNCTION = YES;
				GCC_WARN_UNUSED_VARIABLE = YES;
				IPHONEOS_DEPLOYMENT_TARGET = 14.0;
				MTL_ENABLE_DEBUG_INFO = INCLUDE_SOURCE;
				MTL_FAST_MATH = YES;
				ONLY_ACTIVE_ARCH = YES;
				SDKROOT = iphoneos;
				SWIFT_ACTIVE_COMPILATION_CONDITIONS = DEBUG;
				SWIFT_OPTIMIZATION_LEVEL = "-Onone";
			};
			name = Debug;
		};
		90F9ADF7253F894300B2A4BF /* Release */ = {
			isa = XCBuildConfiguration;
			buildSettings = {
				ALWAYS_SEARCH_USER_PATHS = NO;
				CLANG_ANALYZER_NONNULL = YES;
				CLANG_ANALYZER_NUMBER_OBJECT_CONVERSION = YES_AGGRESSIVE;
				CLANG_CXX_LANGUAGE_STANDARD = "gnu++14";
				CLANG_CXX_LIBRARY = "libc++";
				CLANG_ENABLE_MODULES = YES;
				CLANG_ENABLE_OBJC_ARC = YES;
				CLANG_ENABLE_OBJC_WEAK = YES;
				CLANG_WARN_BLOCK_CAPTURE_AUTORELEASING = YES;
				CLANG_WARN_BOOL_CONVERSION = YES;
				CLANG_WARN_COMMA = YES;
				CLANG_WARN_CONSTANT_CONVERSION = YES;
				CLANG_WARN_DEPRECATED_OBJC_IMPLEMENTATIONS = YES;
				CLANG_WARN_DIRECT_OBJC_ISA_USAGE = YES_ERROR;
				CLANG_WARN_DOCUMENTATION_COMMENTS = YES;
				CLANG_WARN_EMPTY_BODY = YES;
				CLANG_WARN_ENUM_CONVERSION = YES;
				CLANG_WARN_INFINITE_RECURSION = YES;
				CLANG_WARN_INT_CONVERSION = YES;
				CLANG_WARN_NON_LITERAL_NULL_CONVERSION = YES;
				CLANG_WARN_OBJC_IMPLICIT_RETAIN_SELF = YES;
				CLANG_WARN_OBJC_LITERAL_CONVERSION = YES;
				CLANG_WARN_OBJC_ROOT_CLASS = YES_ERROR;
				CLANG_WARN_QUOTED_INCLUDE_IN_FRAMEWORK_HEADER = YES;
				CLANG_WARN_RANGE_LOOP_ANALYSIS = YES;
				CLANG_WARN_STRICT_PROTOTYPES = YES;
				CLANG_WARN_SUSPICIOUS_MOVE = YES;
				CLANG_WARN_UNGUARDED_AVAILABILITY = YES_AGGRESSIVE;
				CLANG_WARN_UNREACHABLE_CODE = YES;
				CLANG_WARN__DUPLICATE_METHOD_MATCH = YES;
				COPY_PHASE_STRIP = NO;
				DEBUG_INFORMATION_FORMAT = "dwarf-with-dsym";
				ENABLE_NS_ASSERTIONS = NO;
				ENABLE_STRICT_OBJC_MSGSEND = YES;
				GCC_C_LANGUAGE_STANDARD = gnu11;
				GCC_NO_COMMON_BLOCKS = YES;
				GCC_WARN_64_TO_32_BIT_CONVERSION = YES;
				GCC_WARN_ABOUT_RETURN_TYPE = YES_ERROR;
				GCC_WARN_UNDECLARED_SELECTOR = YES;
				GCC_WARN_UNINITIALIZED_AUTOS = YES_AGGRESSIVE;
				GCC_WARN_UNUSED_FUNCTION = YES;
				GCC_WARN_UNUSED_VARIABLE = YES;
				IPHONEOS_DEPLOYMENT_TARGET = 14.0;
				MTL_ENABLE_DEBUG_INFO = NO;
				MTL_FAST_MATH = YES;
				SDKROOT = iphoneos;
				SWIFT_COMPILATION_MODE = wholemodule;
				SWIFT_OPTIMIZATION_LEVEL = "-O";
				VALIDATE_PRODUCT = YES;
			};
			name = Release;
		};
		90F9ADF9253F894300B2A4BF /* Debug */ = {
			isa = XCBuildConfiguration;
			buildSettings = {
				ASSETCATALOG_COMPILER_APPICON_NAME = AppIcon;
				ASSETCATALOG_COMPILER_GLOBAL_ACCENT_COLOR_NAME = AccentColor;
				CODE_SIGN_STYLE = Automatic;
				DEVELOPMENT_ASSET_PATHS = "\"SwiftUI-ObservableObject/Preview Content\"";
				DEVELOPMENT_TEAM = 57FTCZV5HS;
				ENABLE_PREVIEWS = YES;
				INFOPLIST_FILE = "SwiftUI-ObservableObject/Info.plist";
				IPHONEOS_DEPLOYMENT_TARGET = 14.0;
				LD_RUNPATH_SEARCH_PATHS = (
					"$(inherited)",
					"@executable_path/Frameworks",
				);
				PRODUCT_BUNDLE_IDENTIFIER = "com.greghughes.SwiftUI-ObservableObject";
				PRODUCT_NAME = "$(TARGET_NAME)";
				SWIFT_VERSION = 5.0;
				TARGETED_DEVICE_FAMILY = "1,2";
			};
			name = Debug;
		};
		90F9ADFA253F894300B2A4BF /* Release */ = {
			isa = XCBuildConfiguration;
			buildSettings = {
				ASSETCATALOG_COMPILER_APPICON_NAME = AppIcon;
				ASSETCATALOG_COMPILER_GLOBAL_ACCENT_COLOR_NAME = AccentColor;
				CODE_SIGN_STYLE = Automatic;
				DEVELOPMENT_ASSET_PATHS = "\"SwiftUI-ObservableObject/Preview Content\"";
				DEVELOPMENT_TEAM = 57FTCZV5HS;
				ENABLE_PREVIEWS = YES;
				INFOPLIST_FILE = "SwiftUI-ObservableObject/Info.plist";
				IPHONEOS_DEPLOYMENT_TARGET = 14.0;
				LD_RUNPATH_SEARCH_PATHS = (
					"$(inherited)",
					"@executable_path/Frameworks",
				);
				PRODUCT_BUNDLE_IDENTIFIER = "com.greghughes.SwiftUI-ObservableObject";
				PRODUCT_NAME = "$(TARGET_NAME)";
				SWIFT_VERSION = 5.0;
				TARGETED_DEVICE_FAMILY = "1,2";
			};
			name = Release;
		};
		90F9ADFC253F894300B2A4BF /* Debug */ = {
			isa = XCBuildConfiguration;
			buildSettings = {
				ALWAYS_EMBED_SWIFT_STANDARD_LIBRARIES = YES;
				BUNDLE_LOADER = "$(TEST_HOST)";
				CODE_SIGN_STYLE = Automatic;
				DEVELOPMENT_TEAM = 57FTCZV5HS;
				INFOPLIST_FILE = "SwiftUI-ObservableObjectTests/Info.plist";
				IPHONEOS_DEPLOYMENT_TARGET = 14.0;
				LD_RUNPATH_SEARCH_PATHS = (
					"$(inherited)",
					"@executable_path/Frameworks",
					"@loader_path/Frameworks",
				);
				PRODUCT_BUNDLE_IDENTIFIER = "com.greghughes.SwiftUI-ObservableObjectTests";
				PRODUCT_NAME = "$(TARGET_NAME)";
				SWIFT_VERSION = 5.0;
				TARGETED_DEVICE_FAMILY = "1,2";
				TEST_HOST = "$(BUILT_PRODUCTS_DIR)/SwiftUI-ObservableObject.app/SwiftUI-ObservableObject";
			};
			name = Debug;
		};
		90F9ADFD253F894300B2A4BF /* Release */ = {
			isa = XCBuildConfiguration;
			buildSettings = {
				ALWAYS_EMBED_SWIFT_STANDARD_LIBRARIES = YES;
				BUNDLE_LOADER = "$(TEST_HOST)";
				CODE_SIGN_STYLE = Automatic;
				DEVELOPMENT_TEAM = 57FTCZV5HS;
				INFOPLIST_FILE = "SwiftUI-ObservableObjectTests/Info.plist";
				IPHONEOS_DEPLOYMENT_TARGET = 14.0;
				LD_RUNPATH_SEARCH_PATHS = (
					"$(inherited)",
					"@executable_path/Frameworks",
					"@loader_path/Frameworks",
				);
				PRODUCT_BUNDLE_IDENTIFIER = "com.greghughes.SwiftUI-ObservableObjectTests";
				PRODUCT_NAME = "$(TARGET_NAME)";
				SWIFT_VERSION = 5.0;
				TARGETED_DEVICE_FAMILY = "1,2";
				TEST_HOST = "$(BUILT_PRODUCTS_DIR)/SwiftUI-ObservableObject.app/SwiftUI-ObservableObject";
			};
			name = Release;
		};
		90F9ADFF253F894300B2A4BF /* Debug */ = {
			isa = XCBuildConfiguration;
			buildSettings = {
				ALWAYS_EMBED_SWIFT_STANDARD_LIBRARIES = YES;
				CODE_SIGN_STYLE = Automatic;
				DEVELOPMENT_TEAM = 57FTCZV5HS;
				INFOPLIST_FILE = "SwiftUI-ObservableObjectUITests/Info.plist";
				LD_RUNPATH_SEARCH_PATHS = (
					"$(inherited)",
					"@executable_path/Frameworks",
					"@loader_path/Frameworks",
				);
				PRODUCT_BUNDLE_IDENTIFIER = "com.greghughes.SwiftUI-ObservableObjectUITests";
				PRODUCT_NAME = "$(TARGET_NAME)";
				SWIFT_VERSION = 5.0;
				TARGETED_DEVICE_FAMILY = "1,2";
				TEST_TARGET_NAME = "SwiftUI-ObservableObject";
			};
			name = Debug;
		};
		90F9AE00253F894300B2A4BF /* Release */ = {
			isa = XCBuildConfiguration;
			buildSettings = {
				ALWAYS_EMBED_SWIFT_STANDARD_LIBRARIES = YES;
				CODE_SIGN_STYLE = Automatic;
				DEVELOPMENT_TEAM = 57FTCZV5HS;
				INFOPLIST_FILE = "SwiftUI-ObservableObjectUITests/Info.plist";
				LD_RUNPATH_SEARCH_PATHS = (
					"$(inherited)",
					"@executable_path/Frameworks",
					"@loader_path/Frameworks",
				);
				PRODUCT_BUNDLE_IDENTIFIER = "com.greghughes.SwiftUI-ObservableObjectUITests";
				PRODUCT_NAME = "$(TARGET_NAME)";
				SWIFT_VERSION = 5.0;
				TARGETED_DEVICE_FAMILY = "1,2";
				TEST_TARGET_NAME = "SwiftUI-ObservableObject";
			};
			name = Release;
		};
/* End XCBuildConfiguration section */

/* Begin XCConfigurationList section */
		90F9ADCE253F894100B2A4BF /* Build configuration list for PBXProject "SwiftUI-ObservableObject" */ = {
			isa = XCConfigurationList;
			buildConfigurations = (
				90F9ADF6253F894300B2A4BF /* Debug */,
				90F9ADF7253F894300B2A4BF /* Release */,
			);
			defaultConfigurationIsVisible = 0;
			defaultConfigurationName = Release;
		};
		90F9ADF8253F894300B2A4BF /* Build configuration list for PBXNativeTarget "SwiftUI-ObservableObject" */ = {
			isa = XCConfigurationList;
			buildConfigurations = (
				90F9ADF9253F894300B2A4BF /* Debug */,
				90F9ADFA253F894300B2A4BF /* Release */,
			);
			defaultConfigurationIsVisible = 0;
			defaultConfigurationName = Release;
		};
		90F9ADFB253F894300B2A4BF /* Build configuration list for PBXNativeTarget "SwiftUI-ObservableObjectTests" */ = {
			isa = XCConfigurationList;
			buildConfigurations = (
				90F9ADFC253F894300B2A4BF /* Debug */,
				90F9ADFD253F894300B2A4BF /* Release */,
			);
			defaultConfigurationIsVisible = 0;
			defaultConfigurationName = Release;
		};
		90F9ADFE253F894300B2A4BF /* Build configuration list for PBXNativeTarget "SwiftUI-ObservableObjectUITests" */ = {
			isa = XCConfigurationList;
			buildConfigurations = (
				90F9ADFF253F894300B2A4BF /* Debug */,
				90F9AE00253F894300B2A4BF /* Release */,
			);
			defaultConfigurationIsVisible = 0;
			defaultConfigurationName = Release;
		};
/* End XCConfigurationList section */
	};
	rootObject = 90F9ADCB253F894100B2A4BF /* Project object */;
}
