// !$*UTF8*$!
{
	archiveVersion = 1;
	classes = {
	};
	objectVersion = 50;
	objects = {

/* Begin PBXBuildFile section */
		90201543253BA0D800118068 /* WeatherModel.swift in Sources */ = {isa = PBXBuildFile; fileRef = 90201542253BA0D800118068 /* WeatherModel.swift */; };
		9020154E253BA47F00118068 /* WebService.swift in Sources */ = {isa = PBXBuildFile; fileRef = 9020154D253BA47F00118068 /* WebService.swift */; };
		90201554253BA49800118068 /* Contants.swift in Sources */ = {isa = PBXBuildFile; fileRef = 90201553253BA49800118068 /* Contants.swift */; };
		9080EA5A2534D82900982798 /* AppDelegate.swift in Sources */ = {isa = PBXBuildFile; fileRef = 9080EA592534D82900982798 /* AppDelegate.swift */; };
		9080EA5C2534D82900982798 /* SceneDelegate.swift in Sources */ = {isa = PBXBuildFile; fileRef = 9080EA5B2534D82900982798 /* SceneDelegate.swift */; };
		9080EA5E2534D82900982798 /* ViewController.swift in Sources */ = {isa = PBXBuildFile; fileRef = 9080EA5D2534D82900982798 /* ViewController.swift */; };
		9080EA612534D82A00982798 /* Main.storyboard in Resources */ = {isa = PBXBuildFile; fileRef = 9080EA5F2534D82900982798 /* Main.storyboard */; };
		9080EA632534D82B00982798 /* Assets.xcassets in Resources */ = {isa = PBXBuildFile; fileRef = 9080EA622534D82B00982798 /* Assets.xcassets */; };
		9080EA662534D82B00982798 /* LaunchScreen.storyboard in Resources */ = {isa = PBXBuildFile; fileRef = 9080EA642534D82B00982798 /* LaunchScreen.storyboard */; };
		9080EA712534D82C00982798 /* combineFW1Tests.swift in Sources */ = {isa = PBXBuildFile; fileRef = 9080EA702534D82C00982798 /* combineFW1Tests.swift */; };
		9080EA7C2534D82C00982798 /* combineFW1UITests.swift in Sources */ = {isa = PBXBuildFile; fileRef = 9080EA7B2534D82C00982798 /* combineFW1UITests.swift */; };
/* End PBXBuildFile section */

/* Begin PBXContainerItemProxy section */
		9080EA6D2534D82C00982798 /* PBXContainerItemProxy */ = {
			isa = PBXContainerItemProxy;
			containerPortal = 9080EA4E2534D82900982798 /* Project object */;
			proxyType = 1;
			remoteGlobalIDString = 9080EA552534D82900982798;
			remoteInfo = combineFW1;
		};
		9080EA782534D82C00982798 /* PBXContainerItemProxy */ = {
			isa = PBXContainerItemProxy;
			containerPortal = 9080EA4E2534D82900982798 /* Project object */;
			proxyType = 1;
			remoteGlobalIDString = 9080EA552534D82900982798;
			remoteInfo = combineFW1;
		};
/* End PBXContainerItemProxy section */

/* Begin PBXFileReference section */
		90201542253BA0D800118068 /* WeatherModel.swift */ = {isa = PBXFileReference; lastKnownFileType = sourcecode.swift; path = WeatherModel.swift; sourceTree = "<group>"; };
		9020154D253BA47F00118068 /* WebService.swift */ = {isa = PBXFileReference; lastKnownFileType = sourcecode.swift; path = WebService.swift; sourceTree = "<group>"; };
		90201553253BA49800118068 /* Contants.swift */ = {isa = PBXFileReference; lastKnownFileType = sourcecode.swift; path = Contants.swift; sourceTree = "<group>"; };
		9080EA562534D82900982798 /* combineFW1.app */ = {isa = PBXFileReference; explicitFileType = wrapper.application; includeInIndex = 0; path = combineFW1.app; sourceTree = BUILT_PRODUCTS_DIR; };
		9080EA592534D82900982798 /* AppDelegate.swift */ = {isa = PBXFileReference; lastKnownFileType = sourcecode.swift; path = AppDelegate.swift; sourceTree = "<group>"; };
		9080EA5B2534D82900982798 /* SceneDelegate.swift */ = {isa = PBXFileReference; lastKnownFileType = sourcecode.swift; path = SceneDelegate.swift; sourceTree = "<group>"; };
		9080EA5D2534D82900982798 /* ViewController.swift */ = {isa = PBXFileReference; lastKnownFileType = sourcecode.swift; path = ViewController.swift; sourceTree = "<group>"; };
		9080EA602534D82900982798 /* Base */ = {isa = PBXFileReference; lastKnownFileType = file.storyboard; name = Base; path = Base.lproj/Main.storyboard; sourceTree = "<group>"; };
		9080EA622534D82B00982798 /* Assets.xcassets */ = {isa = PBXFileReference; lastKnownFileType = folder.assetcatalog; path = Assets.xcassets; sourceTree = "<group>"; };
		9080EA652534D82B00982798 /* Base */ = {isa = PBXFileReference; lastKnownFileType = file.storyboard; name = Base; path = Base.lproj/LaunchScreen.storyboard; sourceTree = "<group>"; };
		9080EA672534D82B00982798 /* Info.plist */ = {isa = PBXFileReference; lastKnownFileType = text.plist.xml; path = Info.plist; sourceTree = "<group>"; };
		9080EA6C2534D82C00982798 /* combineFW1Tests.xctest */ = {isa = PBXFileReference; explicitFileType = wrapper.cfbundle; includeInIndex = 0; path = combineFW1Tests.xctest; sourceTree = BUILT_PRODUCTS_DIR; };
		9080EA702534D82C00982798 /* combineFW1Tests.swift */ = {isa = PBXFileReference; lastKnownFileType = sourcecode.swift; path = combineFW1Tests.swift; sourceTree = "<group>"; };
		9080EA722534D82C00982798 /* Info.plist */ = {isa = PBXFileReference; lastKnownFileType = text.plist.xml; path = Info.plist; sourceTree = "<group>"; };
		9080EA772534D82C00982798 /* combineFW1UITests.xctest */ = {isa = PBXFileReference; explicitFileType = wrapper.cfbundle; includeInIndex = 0; path = combineFW1UITests.xctest; sourceTree = BUILT_PRODUCTS_DIR; };
		9080EA7B2534D82C00982798 /* combineFW1UITests.swift */ = {isa = PBXFileReference; lastKnownFileType = sourcecode.swift; path = combineFW1UITests.swift; sourceTree = "<group>"; };
		9080EA7D2534D82C00982798 /* Info.plist */ = {isa = PBXFileReference; lastKnownFileType = text.plist.xml; path = Info.plist; sourceTree = "<group>"; };
/* End PBXFileReference section */

/* Begin PBXFrameworksBuildPhase section */
		9080EA532534D82900982798 /* Frameworks */ = {
			isa = PBXFrameworksBuildPhase;
			buildActionMask = 2147483647;
			files = (
			);
			runOnlyForDeploymentPostprocessing = 0;
		};
		9080EA692534D82C00982798 /* Frameworks */ = {
			isa = PBXFrameworksBuildPhase;
			buildActionMask = 2147483647;
			files = (
			);
			runOnlyForDeploymentPostprocessing = 0;
		};
		9080EA742534D82C00982798 /* Frameworks */ = {
			isa = PBXFrameworksBuildPhase;
			buildActionMask = 2147483647;
			files = (
			);
			runOnlyForDeploymentPostprocessing = 0;
		};
/* End PBXFrameworksBuildPhase section */

/* Begin PBXGroup section */
		90201541253BA0CA00118068 /* Model */ = {
			isa = PBXGroup;
			children = (
				90201542253BA0D800118068 /* WeatherModel.swift */,
			);
			path = Model;
			sourceTree = "<group>";
		};
		9020154C253BA46D00118068 /* Services */ = {
			isa = PBXGroup;
			children = (
				9020154D253BA47F00118068 /* WebService.swift */,
			);
			path = Services;
			sourceTree = "<group>";
		};
		90201552253BA48D00118068 /* Utils */ = {
			isa = PBXGroup;
			children = (
				90201553253BA49800118068 /* Contants.swift */,
			);
			path = Utils;
			sourceTree = "<group>";
		};
		9080EA4D2534D82900982798 = {
			isa = PBXGroup;
			children = (
				9080EA582534D82900982798 /* combineFW1 */,
				9080EA6F2534D82C00982798 /* combineFW1Tests */,
				9080EA7A2534D82C00982798 /* combineFW1UITests */,
				9080EA572534D82900982798 /* Products */,
			);
			sourceTree = "<group>";
		};
		9080EA572534D82900982798 /* Products */ = {
			isa = PBXGroup;
			children = (
				9080EA562534D82900982798 /* combineFW1.app */,
				9080EA6C2534D82C00982798 /* combineFW1Tests.xctest */,
				9080EA772534D82C00982798 /* combineFW1UITests.xctest */,
			);
			name = Products;
			sourceTree = "<group>";
		};
		9080EA582534D82900982798 /* combineFW1 */ = {
			isa = PBXGroup;
			children = (
				90201552253BA48D00118068 /* Utils */,
				9020154C253BA46D00118068 /* Services */,
				90201541253BA0CA00118068 /* Model */,
				9080EA592534D82900982798 /* AppDelegate.swift */,
				9080EA5B2534D82900982798 /* SceneDelegate.swift */,
				9080EA5D2534D82900982798 /* ViewController.swift */,
				9080EA5F2534D82900982798 /* Main.storyboard */,
				9080EA622534D82B00982798 /* Assets.xcassets */,
				9080EA642534D82B00982798 /* LaunchScreen.storyboard */,
				9080EA672534D82B00982798 /* Info.plist */,
			);
			path = combineFW1;
			sourceTree = "<group>";
		};
		9080EA6F2534D82C00982798 /* combineFW1Tests */ = {
			isa = PBXGroup;
			children = (
				9080EA702534D82C00982798 /* combineFW1Tests.swift */,
				9080EA722534D82C00982798 /* Info.plist */,
			);
			path = combineFW1Tests;
			sourceTree = "<group>";
		};
		9080EA7A2534D82C00982798 /* combineFW1UITests */ = {
			isa = PBXGroup;
			children = (
				9080EA7B2534D82C00982798 /* combineFW1UITests.swift */,
				9080EA7D2534D82C00982798 /* Info.plist */,
			);
			path = combineFW1UITests;
			sourceTree = "<group>";
		};
/* End PBXGroup section */

/* Begin PBXNativeTarget section */
		9080EA552534D82900982798 /* combineFW1 */ = {
			isa = PBXNativeTarget;
			buildConfigurationList = 9080EA802534D82C00982798 /* Build configuration list for PBXNativeTarget "combineFW1" */;
			buildPhases = (
				9080EA522534D82900982798 /* Sources */,
				9080EA532534D82900982798 /* Frameworks */,
				9080EA542534D82900982798 /* Resources */,
			);
			buildRules = (
			);
			dependencies = (
			);
			name = combineFW1;
			productName = combineFW1;
			productReference = 9080EA562534D82900982798 /* combineFW1.app */;
			productType = "com.apple.product-type.application";
		};
		9080EA6B2534D82C00982798 /* combineFW1Tests */ = {
			isa = PBXNativeTarget;
			buildConfigurationList = 9080EA832534D82C00982798 /* Build configuration list for PBXNativeTarget "combineFW1Tests" */;
			buildPhases = (
				9080EA682534D82C00982798 /* Sources */,
				9080EA692534D82C00982798 /* Frameworks */,
				9080EA6A2534D82C00982798 /* Resources */,
			);
			buildRules = (
			);
			dependencies = (
				9080EA6E2534D82C00982798 /* PBXTargetDependency */,
			);
			name = combineFW1Tests;
			productName = combineFW1Tests;
			productReference = 9080EA6C2534D82C00982798 /* combineFW1Tests.xctest */;
			productType = "com.apple.product-type.bundle.unit-test";
		};
		9080EA762534D82C00982798 /* combineFW1UITests */ = {
			isa = PBXNativeTarget;
			buildConfigurationList = 9080EA862534D82C00982798 /* Build configuration list for PBXNativeTarget "combineFW1UITests" */;
			buildPhases = (
				9080EA732534D82C00982798 /* Sources */,
				9080EA742534D82C00982798 /* Frameworks */,
				9080EA752534D82C00982798 /* Resources */,
			);
			buildRules = (
			);
			dependencies = (
				9080EA792534D82C00982798 /* PBXTargetDependency */,
			);
			name = combineFW1UITests;
			productName = combineFW1UITests;
			productReference = 9080EA772534D82C00982798 /* combineFW1UITests.xctest */;
			productType = "com.apple.product-type.bundle.ui-testing";
		};
/* End PBXNativeTarget section */

/* Begin PBXProject section */
		9080EA4E2534D82900982798 /* Project object */ = {
			isa = PBXProject;
			attributes = {
				LastSwiftUpdateCheck = 1200;
				LastUpgradeCheck = 1200;
				TargetAttributes = {
					9080EA552534D82900982798 = {
						CreatedOnToolsVersion = 12.0.1;
					};
					9080EA6B2534D82C00982798 = {
						CreatedOnToolsVersion = 12.0.1;
						TestTargetID = 9080EA552534D82900982798;
					};
					9080EA762534D82C00982798 = {
						CreatedOnToolsVersion = 12.0.1;
						TestTargetID = 9080EA552534D82900982798;
					};
				};
			};
			buildConfigurationList = 9080EA512534D82900982798 /* Build configuration list for PBXProject "combineFW1" */;
			compatibilityVersion = "Xcode 9.3";
			developmentRegion = en;
			hasScannedForEncodings = 0;
			knownRegions = (
				en,
				Base,
			);
			mainGroup = 9080EA4D2534D82900982798;
			productRefGroup = 9080EA572534D82900982798 /* Products */;
			projectDirPath = "";
			projectRoot = "";
			targets = (
				9080EA552534D82900982798 /* combineFW1 */,
				9080EA6B2534D82C00982798 /* combineFW1Tests */,
				9080EA762534D82C00982798 /* combineFW1UITests */,
			);
		};
/* End PBXProject section */

/* Begin PBXResourcesBuildPhase section */
		9080EA542534D82900982798 /* Resources */ = {
			isa = PBXResourcesBuildPhase;
			buildActionMask = 2147483647;
			files = (
				9080EA662534D82B00982798 /* LaunchScreen.storyboard in Resources */,
				9080EA632534D82B00982798 /* Assets.xcassets in Resources */,
				9080EA612534D82A00982798 /* Main.storyboard in Resources */,
			);
			runOnlyForDeploymentPostprocessing = 0;
		};
		9080EA6A2534D82C00982798 /* Resources */ = {
			isa = PBXResourcesBuildPhase;
			buildActionMask = 2147483647;
			files = (
			);
			runOnlyForDeploymentPostprocessing = 0;
		};
		9080EA752534D82C00982798 /* Resources */ = {
			isa = PBXResourcesBuildPhase;
			buildActionMask = 2147483647;
			files = (
			);
			runOnlyForDeploymentPostprocessing = 0;
		};
/* End PBXResourcesBuildPhase section */

/* Begin PBXSourcesBuildPhase section */
		9080EA522534D82900982798 /* Sources */ = {
			isa = PBXSourcesBuildPhase;
			buildActionMask = 2147483647;
			files = (
				9080EA5E2534D82900982798 /* ViewController.swift in Sources */,
				9080EA5A2534D82900982798 /* AppDelegate.swift in Sources */,
				90201543253BA0D800118068 /* WeatherModel.swift in Sources */,
				9020154E253BA47F00118068 /* WebService.swift in Sources */,
				9080EA5C2534D82900982798 /* SceneDelegate.swift in Sources */,
				90201554253BA49800118068 /* Contants.swift in Sources */,
			);
			runOnlyForDeploymentPostprocessing = 0;
		};
		9080EA682534D82C00982798 /* Sources */ = {
			isa = PBXSourcesBuildPhase;
			buildActionMask = 2147483647;
			files = (
				9080EA712534D82C00982798 /* combineFW1Tests.swift in Sources */,
			);
			runOnlyForDeploymentPostprocessing = 0;
		};
		9080EA732534D82C00982798 /* Sources */ = {
			isa = PBXSourcesBuildPhase;
			buildActionMask = 2147483647;
			files = (
				9080EA7C2534D82C00982798 /* combineFW1UITests.swift in Sources */,
			);
			runOnlyForDeploymentPostprocessing = 0;
		};
/* End PBXSourcesBuildPhase section */

/* Begin PBXTargetDependency section */
		9080EA6E2534D82C00982798 /* PBXTargetDependency */ = {
			isa = PBXTargetDependency;
			target = 9080EA552534D82900982798 /* combineFW1 */;
			targetProxy = 9080EA6D2534D82C00982798 /* PBXContainerItemProxy */;
		};
		9080EA792534D82C00982798 /* PBXTargetDependency */ = {
			isa = PBXTargetDependency;
			target = 9080EA552534D82900982798 /* combineFW1 */;
			targetProxy = 9080EA782534D82C00982798 /* PBXContainerItemProxy */;
		};
/* End PBXTargetDependency section */

/* Begin PBXVariantGroup section */
		9080EA5F2534D82900982798 /* Main.storyboard */ = {
			isa = PBXVariantGroup;
			children = (
				9080EA602534D82900982798 /* Base */,
			);
			name = Main.storyboard;
			sourceTree = "<group>";
		};
		9080EA642534D82B00982798 /* LaunchScreen.storyboard */ = {
			isa = PBXVariantGroup;
			children = (
				9080EA652534D82B00982798 /* Base */,
			);
			name = LaunchScreen.storyboard;
			sourceTree = "<group>";
		};
/* End PBXVariantGroup section */

/* Begin XCBuildConfiguration section */
		9080EA7E2534D82C00982798 /* Debug */ = {
			isa = XCBuildConfiguration;
			buildSettings = {
				ALWAYS_SEARCH_USER_PATHS = NO;
				CLANG_ANALYZER_NONNULL = YES;
				CLANG_ANALYZER_NUMBER_OBJECT_CONVERSION = YES_AGGRESSIVE;
				CLANG_CXX_LANGUAGE_STANDARD = "gnu++14";
				CLANG_CXX_LIBRARY = "libc++";
				CLANG_ENABLE_MODULES = YES;
				CLANG_ENABLE_OBJC_ARC = YES;
				CLANG_ENABLE_OBJC_WEAK = YES;
				CLANG_WARN_BLOCK_CAPTURE_AUTORELEASING = YES;
				CLANG_WARN_BOOL_CONVERSION = YES;
				CLANG_WARN_COMMA = YES;
				CLANG_WARN_CONSTANT_CONVERSION = YES;
				CLANG_WARN_DEPRECATED_OBJC_IMPLEMENTATIONS = YES;
				CLANG_WARN_DIRECT_OBJC_ISA_USAGE = YES_ERROR;
				CLANG_WARN_DOCUMENTATION_COMMENTS = YES;
				CLANG_WARN_EMPTY_BODY = YES;
				CLANG_WARN_ENUM_CONVERSION = YES;
				CLANG_WARN_INFINITE_RECURSION = YES;
				CLANG_WARN_INT_CONVERSION = YES;
				CLANG_WARN_NON_LITERAL_NULL_CONVERSION = YES;
				CLANG_WARN_OBJC_IMPLICIT_RETAIN_SELF = YES;
				CLANG_WARN_OBJC_LITERAL_CONVERSION = YES;
				CLANG_WARN_OBJC_ROOT_CLASS = YES_ERROR;
				CLANG_WARN_QUOTED_INCLUDE_IN_FRAMEWORK_HEADER = YES;
				CLANG_WARN_RANGE_LOOP_ANALYSIS = YES;
				CLANG_WARN_STRICT_PROTOTYPES = YES;
				CLANG_WARN_SUSPICIOUS_MOVE = YES;
				CLANG_WARN_UNGUARDED_AVAILABILITY = YES_AGGRESSIVE;
				CLANG_WARN_UNREACHABLE_CODE = YES;
				CLANG_WARN__DUPLICATE_METHOD_MATCH = YES;
				COPY_PHASE_STRIP = NO;
				DEBUG_INFORMATION_FORMAT = dwarf;
				ENABLE_STRICT_OBJC_MSGSEND = YES;
				ENABLE_TESTABILITY = YES;
				GCC_C_LANGUAGE_STANDARD = gnu11;
				GCC_DYNAMIC_NO_PIC = NO;
				GCC_NO_COMMON_BLOCKS = YES;
				GCC_OPTIMIZATION_LEVEL = 0;
				GCC_PREPROCESSOR_DEFINITIONS = (
					"DEBUG=1",
					"$(inherited)",
				);
				GCC_WARN_64_TO_32_BIT_CONVERSION = YES;
				GCC_WARN_ABOUT_RETURN_TYPE = YES_ERROR;
				GCC_WARN_UNDECLARED_SELECTOR = YES;
				GCC_WARN_UNINITIALIZED_AUTOS = YES_AGGRESSIVE;
				GCC_WARN_UNUSED_FUNCTION = YES;
				GCC_WARN_UNUSED_VARIABLE = YES;
				IPHONEOS_DEPLOYMENT_TARGET = 14.0;
				MTL_ENABLE_DEBUG_INFO = INCLUDE_SOURCE;
				MTL_FAST_MATH = YES;
				ONLY_ACTIVE_ARCH = YES;
				SDKROOT = iphoneos;
				SWIFT_ACTIVE_COMPILATION_CONDITIONS = DEBUG;
				SWIFT_OPTIMIZATION_LEVEL = "-Onone";
			};
			name = Debug;
		};
		9080EA7F2534D82C00982798 /* Release */ = {
			isa = XCBuildConfiguration;
			buildSettings = {
				ALWAYS_SEARCH_USER_PATHS = NO;
				CLANG_ANALYZER_NONNULL = YES;
				CLANG_ANALYZER_NUMBER_OBJECT_CONVERSION = YES_AGGRESSIVE;
				CLANG_CXX_LANGUAGE_STANDARD = "gnu++14";
				CLANG_CXX_LIBRARY = "libc++";
				CLANG_ENABLE_MODULES = YES;
				CLANG_ENABLE_OBJC_ARC = YES;
				CLANG_ENABLE_OBJC_WEAK = YES;
				CLANG_WARN_BLOCK_CAPTURE_AUTORELEASING = YES;
				CLANG_WARN_BOOL_CONVERSION = YES;
				CLANG_WARN_COMMA = YES;
				CLANG_WARN_CONSTANT_CONVERSION = YES;
				CLANG_WARN_DEPRECATED_OBJC_IMPLEMENTATIONS = YES;
				CLANG_WARN_DIRECT_OBJC_ISA_USAGE = YES_ERROR;
				CLANG_WARN_DOCUMENTATION_COMMENTS = YES;
				CLANG_WARN_EMPTY_BODY = YES;
				CLANG_WARN_ENUM_CONVERSION = YES;
				CLANG_WARN_INFINITE_RECURSION = YES;
				CLANG_WARN_INT_CONVERSION = YES;
				CLANG_WARN_NON_LITERAL_NULL_CONVERSION = YES;
				CLANG_WARN_OBJC_IMPLICIT_RETAIN_SELF = YES;
				CLANG_WARN_OBJC_LITERAL_CONVERSION = YES;
				CLANG_WARN_OBJC_ROOT_CLASS = YES_ERROR;
				CLANG_WARN_QUOTED_INCLUDE_IN_FRAMEWORK_HEADER = YES;
				CLANG_WARN_RANGE_LOOP_ANALYSIS = YES;
				CLANG_WARN_STRICT_PROTOTYPES = YES;
				CLANG_WARN_SUSPICIOUS_MOVE = YES;
				CLANG_WARN_UNGUARDED_AVAILABILITY = YES_AGGRESSIVE;
				CLANG_WARN_UNREACHABLE_CODE = YES;
				CLANG_WARN__DUPLICATE_METHOD_MATCH = YES;
				COPY_PHASE_STRIP = NO;
				DEBUG_INFORMATION_FORMAT = "dwarf-with-dsym";
				ENABLE_NS_ASSERTIONS = NO;
				ENABLE_STRICT_OBJC_MSGSEND = YES;
				GCC_C_LANGUAGE_STANDARD = gnu11;
				GCC_NO_COMMON_BLOCKS = YES;
				GCC_WARN_64_TO_32_BIT_CONVERSION = YES;
				GCC_WARN_ABOUT_RETURN_TYPE = YES_ERROR;
				GCC_WARN_UNDECLARED_SELECTOR = YES;
				GCC_WARN_UNINITIALIZED_AUTOS = YES_AGGRESSIVE;
				GCC_WARN_UNUSED_FUNCTION = YES;
				GCC_WARN_UNUSED_VARIABLE = YES;
				IPHONEOS_DEPLOYMENT_TARGET = 14.0;
				MTL_ENABLE_DEBUG_INFO = NO;
				MTL_FAST_MATH = YES;
				SDKROOT = iphoneos;
				SWIFT_COMPILATION_MODE = wholemodule;
				SWIFT_OPTIMIZATION_LEVEL = "-O";
				VALIDATE_PRODUCT = YES;
			};
			name = Release;
		};
		9080EA812534D82C00982798 /* Debug */ = {
			isa = XCBuildConfiguration;
			buildSettings = {
				ASSETCATALOG_COMPILER_APPICON_NAME = AppIcon;
				ASSETCATALOG_COMPILER_GLOBAL_ACCENT_COLOR_NAME = AccentColor;
				CODE_SIGN_STYLE = Automatic;
				DEVELOPMENT_TEAM = 57FTCZV5HS;
				INFOPLIST_FILE = combineFW1/Info.plist;
				LD_RUNPATH_SEARCH_PATHS = (
					"$(inherited)",
					"@executable_path/Frameworks",
				);
				PRODUCT_BUNDLE_IDENTIFIER = com.greghughes.combineFW1;
				PRODUCT_NAME = "$(TARGET_NAME)";
				SWIFT_VERSION = 5.0;
				TARGETED_DEVICE_FAMILY = "1,2";
			};
			name = Debug;
		};
		9080EA822534D82C00982798 /* Release */ = {
			isa = XCBuildConfiguration;
			buildSettings = {
				ASSETCATALOG_COMPILER_APPICON_NAME = AppIcon;
				ASSETCATALOG_COMPILER_GLOBAL_ACCENT_COLOR_NAME = AccentColor;
				CODE_SIGN_STYLE = Automatic;
				DEVELOPMENT_TEAM = 57FTCZV5HS;
				INFOPLIST_FILE = combineFW1/Info.plist;
				LD_RUNPATH_SEARCH_PATHS = (
					"$(inherited)",
					"@executable_path/Frameworks",
				);
				PRODUCT_BUNDLE_IDENTIFIER = com.greghughes.combineFW1;
				PRODUCT_NAME = "$(TARGET_NAME)";
				SWIFT_VERSION = 5.0;
				TARGETED_DEVICE_FAMILY = "1,2";
			};
			name = Release;
		};
		9080EA842534D82C00982798 /* Debug */ = {
			isa = XCBuildConfiguration;
			buildSettings = {
				ALWAYS_EMBED_SWIFT_STANDARD_LIBRARIES = YES;
				BUNDLE_LOADER = "$(TEST_HOST)";
				CODE_SIGN_STYLE = Automatic;
				DEVELOPMENT_TEAM = 57FTCZV5HS;
				INFOPLIST_FILE = combineFW1Tests/Info.plist;
				IPHONEOS_DEPLOYMENT_TARGET = 14.0;
				LD_RUNPATH_SEARCH_PATHS = (
					"$(inherited)",
					"@executable_path/Frameworks",
					"@loader_path/Frameworks",
				);
				PRODUCT_BUNDLE_IDENTIFIER = com.greghughes.combineFW1Tests;
				PRODUCT_NAME = "$(TARGET_NAME)";
				SWIFT_VERSION = 5.0;
				TARGETED_DEVICE_FAMILY = "1,2";
				TEST_HOST = "$(BUILT_PRODUCTS_DIR)/combineFW1.app/combineFW1";
			};
			name = Debug;
		};
		9080EA852534D82C00982798 /* Release */ = {
			isa = XCBuildConfiguration;
			buildSettings = {
				ALWAYS_EMBED_SWIFT_STANDARD_LIBRARIES = YES;
				BUNDLE_LOADER = "$(TEST_HOST)";
				CODE_SIGN_STYLE = Automatic;
				DEVELOPMENT_TEAM = 57FTCZV5HS;
				INFOPLIST_FILE = combineFW1Tests/Info.plist;
				IPHONEOS_DEPLOYMENT_TARGET = 14.0;
				LD_RUNPATH_SEARCH_PATHS = (
					"$(inherited)",
					"@executable_path/Frameworks",
					"@loader_path/Frameworks",
				);
				PRODUCT_BUNDLE_IDENTIFIER = com.greghughes.combineFW1Tests;
				PRODUCT_NAME = "$(TARGET_NAME)";
				SWIFT_VERSION = 5.0;
				TARGETED_DEVICE_FAMILY = "1,2";
				TEST_HOST = "$(BUILT_PRODUCTS_DIR)/combineFW1.app/combineFW1";
			};
			name = Release;
		};
		9080EA872534D82C00982798 /* Debug */ = {
			isa = XCBuildConfiguration;
			buildSettings = {
				ALWAYS_EMBED_SWIFT_STANDARD_LIBRARIES = YES;
				CODE_SIGN_STYLE = Automatic;
				DEVELOPMENT_TEAM = 57FTCZV5HS;
				INFOPLIST_FILE = combineFW1UITests/Info.plist;
				LD_RUNPATH_SEARCH_PATHS = (
					"$(inherited)",
					"@executable_path/Frameworks",
					"@loader_path/Frameworks",
				);
				PRODUCT_BUNDLE_IDENTIFIER = com.greghughes.combineFW1UITests;
				PRODUCT_NAME = "$(TARGET_NAME)";
				SWIFT_VERSION = 5.0;
				TARGETED_DEVICE_FAMILY = "1,2";
				TEST_TARGET_NAME = combineFW1;
			};
			name = Debug;
		};
		9080EA882534D82C00982798 /* Release */ = {
			isa = XCBuildConfiguration;
			buildSettings = {
				ALWAYS_EMBED_SWIFT_STANDARD_LIBRARIES = YES;
				CODE_SIGN_STYLE = Automatic;
				DEVELOPMENT_TEAM = 57FTCZV5HS;
				INFOPLIST_FILE = combineFW1UITests/Info.plist;
				LD_RUNPATH_SEARCH_PATHS = (
					"$(inherited)",
					"@executable_path/Frameworks",
					"@loader_path/Frameworks",
				);
				PRODUCT_BUNDLE_IDENTIFIER = com.greghughes.combineFW1UITests;
				PRODUCT_NAME = "$(TARGET_NAME)";
				SWIFT_VERSION = 5.0;
				TARGETED_DEVICE_FAMILY = "1,2";
				TEST_TARGET_NAME = combineFW1;
			};
			name = Release;
		};
/* End XCBuildConfiguration section */

/* Begin XCConfigurationList section */
		9080EA512534D82900982798 /* Build configuration list for PBXProject "combineFW1" */ = {
			isa = XCConfigurationList;
			buildConfigurations = (
				9080EA7E2534D82C00982798 /* Debug */,
				9080EA7F2534D82C00982798 /* Release */,
			);
			defaultConfigurationIsVisible = 0;
			defaultConfigurationName = Release;
		};
		9080EA802534D82C00982798 /* Build configuration list for PBXNativeTarget "combineFW1" */ = {
			isa = XCConfigurationList;
			buildConfigurations = (
				9080EA812534D82C00982798 /* Debug */,
				9080EA822534D82C00982798 /* Release */,
			);
			defaultConfigurationIsVisible = 0;
			defaultConfigurationName = Release;
		};
		9080EA832534D82C00982798 /* Build configuration list for PBXNativeTarget "combineFW1Tests" */ = {
			isa = XCConfigurationList;
			buildConfigurations = (
				9080EA842534D82C00982798 /* Debug */,
				9080EA852534D82C00982798 /* Release */,
			);
			defaultConfigurationIsVisible = 0;
			defaultConfigurationName = Release;
		};
		9080EA862534D82C00982798 /* Build configuration list for PBXNativeTarget "combineFW1UITests" */ = {
			isa = XCConfigurationList;
			buildConfigurations = (
				9080EA872534D82C00982798 /* Debug */,
				9080EA882534D82C00982798 /* Release */,
			);
			defaultConfigurationIsVisible = 0;
			defaultConfigurationName = Release;
		};
/* End XCConfigurationList section */
	};
	rootObject = 9080EA4E2534D82900982798 /* Project object */;
}
